
Microsoft Visual Studio Solution File, Format Version 12.00
# Visual Studio Version 17
VisualStudioVersion = 17.7.34018.315
MinimumVisualStudioVersion = 10.0.40219.1
Project("{8BC9CEB8-8B4A-11D0-8D11-00A0C91BC942}") = "day1", "adventofcode2023\adventofcode2023.vcxproj", "{5EB0F2BC-9ADC-4B07-BD79-5158C546DAB7}"
EndProject
Project("{8BC9CEB8-8B4A-11D0-8D11-00A0C91BC942}") = "day2", "day2\day2.vcxproj", "{FD70E729-4FDF-41F4-9F8B-5E293483E680}"
EndProject
Project("{8BC9CEB8-8B4A-11D0-8D11-00A0C91BC942}") = "day3", "day3\day3.vcxproj", "{0EADF0D9-7587-4C87-96AC-05D89A0B7531}"
EndProject
Project("{8BC9CEB8-8B4A-11D0-8D11-00A0C91BC942}") = "day4", "day4\day4.vcxproj", "{82C79D72-A356-44DD-A32A-D03D538CFFFA}"
EndProject
Project("{8BC9CEB8-8B4A-11D0-8D11-00A0C91BC942}") = "day5", "day5\day5.vcxproj", "{C4F31B99-2BD0-4FBD-8574-09D67EE8141E}"
EndProject
Project("{8BC9CEB8-8B4A-11D0-8D11-00A0C91BC942}") = "day6", "day6\day6.vcxproj", "{578A157E-3B16-4B86-934F-541965D37E5A}"
EndProject
Project("{8BC9CEB8-8B4A-11D0-8D11-00A0C91BC942}") = "day7", "day7\day7.vcxproj", "{14A5CD55-32F8-4D7B-972E-76469A3E15BF}"
EndProject
Project("{8BC9CEB8-8B4A-11D0-8D11-00A0C91BC942}") = "day8", "day8\day8.vcxproj", "{8C63AC58-9D22-4D51-AC46-F6A7557A3A65}"
EndProject
Project("{8BC9CEB8-8B4A-11D0-8D11-00A0C91BC942}") = "day9", "day9\day9.vcxproj", "{68EA3ECD-C3DB-446A-B7E9-1CB17A7F1EDC}"
EndProject
Project("{8BC9CEB8-8B4A-11D0-8D11-00A0C91BC942}") = "day11", "day11\day11.vcxproj", "{0C5D407A-5BF5-49DD-A52C-0B946214CF8E}"
EndProject
Project("{8BC9CEB8-8B4A-11D0-8D11-00A0C91BC942}") = "day10", "day10\day10.vcxproj", "{DD242239-44A5-498F-8492-F2119D086D75}"
EndProject
Project("{8BC9CEB8-8B4A-11D0-8D11-00A0C91BC942}") = "day12", "day12\day12.vcxproj", "{EF95EACB-A7D8-4EA0-9984-79D2816CEBCE}"
EndProject
Project("{8BC9CEB8-8B4A-11D0-8D11-00A0C91BC942}") = "day13", "day13\day13.vcxproj", "{57F3A6BA-7390-4320-893D-415C9BC1A56A}"
EndProject
Project("{8BC9CEB8-8B4A-11D0-8D11-00A0C91BC942}") = "day14", "day14\day14.vcxproj", "{1C5F1ABF-35A1-4DE6-A764-8C950328D6AB}"
EndProject
Project("{8BC9CEB8-8B4A-11D0-8D11-00A0C91BC942}") = "day15", "day15\day15.vcxproj", "{71123C34-6807-41B7-955E-786FD36C97DF}"
EndProject
Project("{8BC9CEB8-8B4A-11D0-8D11-00A0C91BC942}") = "day16", "day16\day16.vcxproj", "{ED7BE6D2-C57F-41F7-AF1F-B1919F97B4E4}"
EndProject
Global
	GlobalSection(SolutionConfigurationPlatforms) = preSolution
		Debug|x64 = Debug|x64
		Debug|x86 = Debug|x86
		Release|x64 = Release|x64
		Release|x86 = Release|x86
	EndGlobalSection
	GlobalSection(ProjectConfigurationPlatforms) = postSolution
		{5EB0F2BC-9ADC-4B07-BD79-5158C546DAB7}.Debug|x64.ActiveCfg = Debug|x64
		{5EB0F2BC-9ADC-4B07-BD79-5158C546DAB7}.Debug|x64.Build.0 = Debug|x64
		{5EB0F2BC-9ADC-4B07-BD79-5158C546DAB7}.Debug|x86.ActiveCfg = Debug|Win32
		{5EB0F2BC-9ADC-4B07-BD79-5158C546DAB7}.Debug|x86.Build.0 = Debug|Win32
		{5EB0F2BC-9ADC-4B07-BD79-5158C546DAB7}.Release|x64.ActiveCfg = Release|x64
		{5EB0F2BC-9ADC-4B07-BD79-5158C546DAB7}.Release|x64.Build.0 = Release|x64
		{5EB0F2BC-9ADC-4B07-BD79-5158C546DAB7}.Release|x86.ActiveCfg = Release|Win32
		{5EB0F2BC-9ADC-4B07-BD79-5158C546DAB7}.Release|x86.Build.0 = Release|Win32
		{FD70E729-4FDF-41F4-9F8B-5E293483E680}.Debug|x64.ActiveCfg = Debug|x64
		{FD70E729-4FDF-41F4-9F8B-5E293483E680}.Debug|x64.Build.0 = Debug|x64
		{FD70E729-4FDF-41F4-9F8B-5E293483E680}.Debug|x86.ActiveCfg = Debug|Win32
		{FD70E729-4FDF-41F4-9F8B-5E293483E680}.Debug|x86.Build.0 = Debug|Win32
		{FD70E729-4FDF-41F4-9F8B-5E293483E680}.Release|x64.ActiveCfg = Release|x64
		{FD70E729-4FDF-41F4-9F8B-5E293483E680}.Release|x64.Build.0 = Release|x64
		{FD70E729-4FDF-41F4-9F8B-5E293483E680}.Release|x86.ActiveCfg = Release|Win32
		{FD70E729-4FDF-41F4-9F8B-5E293483E680}.Release|x86.Build.0 = Release|Win32
		{0EADF0D9-7587-4C87-96AC-05D89A0B7531}.Debug|x64.ActiveCfg = Debug|x64
		{0EADF0D9-7587-4C87-96AC-05D89A0B7531}.Debug|x64.Build.0 = Debug|x64
		{0EADF0D9-7587-4C87-96AC-05D89A0B7531}.Debug|x86.ActiveCfg = Debug|Win32
		{0EADF0D9-7587-4C87-96AC-05D89A0B7531}.Debug|x86.Build.0 = Debug|Win32
		{0EADF0D9-7587-4C87-96AC-05D89A0B7531}.Release|x64.ActiveCfg = Release|x64
		{0EADF0D9-7587-4C87-96AC-05D89A0B7531}.Release|x64.Build.0 = Release|x64
		{0EADF0D9-7587-4C87-96AC-05D89A0B7531}.Release|x86.ActiveCfg = Release|Win32
		{0EADF0D9-7587-4C87-96AC-05D89A0B7531}.Release|x86.Build.0 = Release|Win32
		{82C79D72-A356-44DD-A32A-D03D538CFFFA}.Debug|x64.ActiveCfg = Debug|x64
		{82C79D72-A356-44DD-A32A-D03D538CFFFA}.Debug|x64.Build.0 = Debug|x64
		{82C79D72-A356-44DD-A32A-D03D538CFFFA}.Debug|x86.ActiveCfg = Debug|Win32
		{82C79D72-A356-44DD-A32A-D03D538CFFFA}.Debug|x86.Build.0 = Debug|Win32
		{82C79D72-A356-44DD-A32A-D03D538CFFFA}.Release|x64.ActiveCfg = Release|x64
		{82C79D72-A356-44DD-A32A-D03D538CFFFA}.Release|x64.Build.0 = Release|x64
		{82C79D72-A356-44DD-A32A-D03D538CFFFA}.Release|x86.ActiveCfg = Release|Win32
		{82C79D72-A356-44DD-A32A-D03D538CFFFA}.Release|x86.Build.0 = Release|Win32
		{C4F31B99-2BD0-4FBD-8574-09D67EE8141E}.Debug|x64.ActiveCfg = Debug|x64
		{C4F31B99-2BD0-4FBD-8574-09D67EE8141E}.Debug|x64.Build.0 = Debug|x64
		{C4F31B99-2BD0-4FBD-8574-09D67EE8141E}.Debug|x86.ActiveCfg = Debug|Win32
		{C4F31B99-2BD0-4FBD-8574-09D67EE8141E}.Debug|x86.Build.0 = Debug|Win32
		{C4F31B99-2BD0-4FBD-8574-09D67EE8141E}.Release|x64.ActiveCfg = Release|x64
		{C4F31B99-2BD0-4FBD-8574-09D67EE8141E}.Release|x64.Build.0 = Release|x64
		{C4F31B99-2BD0-4FBD-8574-09D67EE8141E}.Release|x86.ActiveCfg = Release|Win32
		{C4F31B99-2BD0-4FBD-8574-09D67EE8141E}.Release|x86.Build.0 = Release|Win32
		{578A157E-3B16-4B86-934F-541965D37E5A}.Debug|x64.ActiveCfg = Debug|x64
		{578A157E-3B16-4B86-934F-541965D37E5A}.Debug|x64.Build.0 = Debug|x64
		{578A157E-3B16-4B86-934F-541965D37E5A}.Debug|x86.ActiveCfg = Debug|Win32
		{578A157E-3B16-4B86-934F-541965D37E5A}.Debug|x86.Build.0 = Debug|Win32
		{578A157E-3B16-4B86-934F-541965D37E5A}.Release|x64.ActiveCfg = Release|x64
		{578A157E-3B16-4B86-934F-541965D37E5A}.Release|x64.Build.0 = Release|x64
		{578A157E-3B16-4B86-934F-541965D37E5A}.Release|x86.ActiveCfg = Release|Win32
		{578A157E-3B16-4B86-934F-541965D37E5A}.Release|x86.Build.0 = Release|Win32
		{14A5CD55-32F8-4D7B-972E-76469A3E15BF}.Debug|x64.ActiveCfg = Debug|x64
		{14A5CD55-32F8-4D7B-972E-76469A3E15BF}.Debug|x64.Build.0 = Debug|x64
		{14A5CD55-32F8-4D7B-972E-76469A3E15BF}.Debug|x86.ActiveCfg = Debug|Win32
		{14A5CD55-32F8-4D7B-972E-76469A3E15BF}.Debug|x86.Build.0 = Debug|Win32
		{14A5CD55-32F8-4D7B-972E-76469A3E15BF}.Release|x64.ActiveCfg = Release|x64
		{14A5CD55-32F8-4D7B-972E-76469A3E15BF}.Release|x64.Build.0 = Release|x64
		{14A5CD55-32F8-4D7B-972E-76469A3E15BF}.Release|x86.ActiveCfg = Release|Win32
		{14A5CD55-32F8-4D7B-972E-76469A3E15BF}.Release|x86.Build.0 = Release|Win32
		{8C63AC58-9D22-4D51-AC46-F6A7557A3A65}.Debug|x64.ActiveCfg = Debug|x64
		{8C63AC58-9D22-4D51-AC46-F6A7557A3A65}.Debug|x64.Build.0 = Debug|x64
		{8C63AC58-9D22-4D51-AC46-F6A7557A3A65}.Debug|x86.ActiveCfg = Debug|Win32
		{8C63AC58-9D22-4D51-AC46-F6A7557A3A65}.Debug|x86.Build.0 = Debug|Win32
		{8C63AC58-9D22-4D51-AC46-F6A7557A3A65}.Release|x64.ActiveCfg = Release|x64
		{8C63AC58-9D22-4D51-AC46-F6A7557A3A65}.Release|x64.Build.0 = Release|x64
		{8C63AC58-9D22-4D51-AC46-F6A7557A3A65}.Release|x86.ActiveCfg = Release|Win32
		{8C63AC58-9D22-4D51-AC46-F6A7557A3A65}.Release|x86.Build.0 = Release|Win32
		{68EA3ECD-C3DB-446A-B7E9-1CB17A7F1EDC}.Debug|x64.ActiveCfg = Debug|x64
		{68EA3ECD-C3DB-446A-B7E9-1CB17A7F1EDC}.Debug|x64.Build.0 = Debug|x64
		{68EA3ECD-C3DB-446A-B7E9-1CB17A7F1EDC}.Debug|x86.ActiveCfg = Debug|Win32
		{68EA3ECD-C3DB-446A-B7E9-1CB17A7F1EDC}.Debug|x86.Build.0 = Debug|Win32
		{68EA3ECD-C3DB-446A-B7E9-1CB17A7F1EDC}.Release|x64.ActiveCfg = Release|x64
		{68EA3ECD-C3DB-446A-B7E9-1CB17A7F1EDC}.Release|x64.Build.0 = Release|x64
		{68EA3ECD-C3DB-446A-B7E9-1CB17A7F1EDC}.Release|x86.ActiveCfg = Release|Win32
		{68EA3ECD-C3DB-446A-B7E9-1CB17A7F1EDC}.Release|x86.Build.0 = Release|Win32
		{0C5D407A-5BF5-49DD-A52C-0B946214CF8E}.Debug|x64.ActiveCfg = Debug|x64
		{0C5D407A-5BF5-49DD-A52C-0B946214CF8E}.Debug|x64.Build.0 = Debug|x64
		{0C5D407A-5BF5-49DD-A52C-0B946214CF8E}.Debug|x86.ActiveCfg = Debug|Win32
		{0C5D407A-5BF5-49DD-A52C-0B946214CF8E}.Debug|x86.Build.0 = Debug|Win32
		{0C5D407A-5BF5-49DD-A52C-0B946214CF8E}.Release|x64.ActiveCfg = Release|x64
		{0C5D407A-5BF5-49DD-A52C-0B946214CF8E}.Release|x64.Build.0 = Release|x64
		{0C5D407A-5BF5-49DD-A52C-0B946214CF8E}.Release|x86.ActiveCfg = Release|Win32
		{0C5D407A-5BF5-49DD-A52C-0B946214CF8E}.Release|x86.Build.0 = Release|Win32
		{DD242239-44A5-498F-8492-F2119D086D75}.Debug|x64.ActiveCfg = Debug|x64
		{DD242239-44A5-498F-8492-F2119D086D75}.Debug|x64.Build.0 = Debug|x64
		{DD242239-44A5-498F-8492-F2119D086D75}.Debug|x86.ActiveCfg = Debug|Win32
		{DD242239-44A5-498F-8492-F2119D086D75}.Debug|x86.Build.0 = Debug|Win32
		{DD242239-44A5-498F-8492-F2119D086D75}.Release|x64.ActiveCfg = Release|x64
		{DD242239-44A5-498F-8492-F2119D086D75}.Release|x64.Build.0 = Release|x64
		{DD242239-44A5-498F-8492-F2119D086D75}.Release|x86.ActiveCfg = Release|Win32
		{DD242239-44A5-498F-8492-F2119D086D75}.Release|x86.Build.0 = Release|Win32
		{EF95EACB-A7D8-4EA0-9984-79D2816CEBCE}.Debug|x64.ActiveCfg = Debug|x64
		{EF95EACB-A7D8-4EA0-9984-79D2816CEBCE}.Debug|x64.Build.0 = Debug|x64
		{EF95EACB-A7D8-4EA0-9984-79D2816CEBCE}.Debug|x86.ActiveCfg = Debug|Win32
		{EF95EACB-A7D8-4EA0-9984-79D2816CEBCE}.Debug|x86.Build.0 = Debug|Win32
		{EF95EACB-A7D8-4EA0-9984-79D2816CEBCE}.Release|x64.ActiveCfg = Release|x64
		{EF95EACB-A7D8-4EA0-9984-79D2816CEBCE}.Release|x64.Build.0 = Release|x64
		{EF95EACB-A7D8-4EA0-9984-79D2816CEBCE}.Release|x86.ActiveCfg = Release|Win32
		{EF95EACB-A7D8-4EA0-9984-79D2816CEBCE}.Release|x86.Build.0 = Release|Win32
		{57F3A6BA-7390-4320-893D-415C9BC1A56A}.Debug|x64.ActiveCfg = Debug|x64
		{57F3A6BA-7390-4320-893D-415C9BC1A56A}.Debug|x64.Build.0 = Debug|x64
		{57F3A6BA-7390-4320-893D-415C9BC1A56A}.Debug|x86.ActiveCfg = Debug|Win32
		{57F3A6BA-7390-4320-893D-415C9BC1A56A}.Debug|x86.Build.0 = Debug|Win32
		{57F3A6BA-7390-4320-893D-415C9BC1A56A}.Release|x64.ActiveCfg = Release|x64
		{57F3A6BA-7390-4320-893D-415C9BC1A56A}.Release|x64.Build.0 = Release|x64
		{57F3A6BA-7390-4320-893D-415C9BC1A56A}.Release|x86.ActiveCfg = Release|Win32
		{57F3A6BA-7390-4320-893D-415C9BC1A56A}.Release|x86.Build.0 = Release|Win32
		{1C5F1ABF-35A1-4DE6-A764-8C950328D6AB}.Debug|x64.ActiveCfg = Debug|x64
		{1C5F1ABF-35A1-4DE6-A764-8C950328D6AB}.Debug|x64.Build.0 = Debug|x64
		{1C5F1ABF-35A1-4DE6-A764-8C950328D6AB}.Debug|x86.ActiveCfg = Debug|Win32
		{1C5F1ABF-35A1-4DE6-A764-8C950328D6AB}.Debug|x86.Build.0 = Debug|Win32
		{1C5F1ABF-35A1-4DE6-A764-8C950328D6AB}.Release|x64.ActiveCfg = Release|x64
		{1C5F1ABF-35A1-4DE6-A764-8C950328D6AB}.Release|x64.Build.0 = Release|x64
		{1C5F1ABF-35A1-4DE6-A764-8C950328D6AB}.Release|x86.ActiveCfg = Release|Win32
		{1C5F1ABF-35A1-4DE6-A764-8C950328D6AB}.Release|x86.Build.0 = Release|Win32
		{71123C34-6807-41B7-955E-786FD36C97DF}.Debug|x64.ActiveCfg = Debug|x64
		{71123C34-6807-41B7-955E-786FD36C97DF}.Debug|x64.Build.0 = Debug|x64
		{71123C34-6807-41B7-955E-786FD36C97DF}.Debug|x86.ActiveCfg = Debug|Win32
		{71123C34-6807-41B7-955E-786FD36C97DF}.Debug|x86.Build.0 = Debug|Win32
		{71123C34-6807-41B7-955E-786FD36C97DF}.Release|x64.ActiveCfg = Release|x64
		{71123C34-6807-41B7-955E-786FD36C97DF}.Release|x64.Build.0 = Release|x64
		{71123C34-6807-41B7-955E-786FD36C97DF}.Release|x86.ActiveCfg = Release|Win32
		{71123C34-6807-41B7-955E-786FD36C97DF}.Release|x86.Build.0 = Release|Win32
		{ED7BE6D2-C57F-41F7-AF1F-B1919F97B4E4}.Debug|x64.ActiveCfg = Debug|x64
		{ED7BE6D2-C57F-41F7-AF1F-B1919F97B4E4}.Debug|x64.Build.0 = Debug|x64
		{ED7BE6D2-C57F-41F7-AF1F-B1919F97B4E4}.Debug|x86.ActiveCfg = Debug|Win32
		{ED7BE6D2-C57F-41F7-AF1F-B1919F97B4E4}.Debug|x86.Build.0 = Debug|Win32
		{ED7BE6D2-C57F-41F7-AF1F-B1919F97B4E4}.Release|x64.ActiveCfg = Release|x64
		{ED7BE6D2-C57F-41F7-AF1F-B1919F97B4E4}.Release|x64.Build.0 = Release|x64
		{ED7BE6D2-C57F-41F7-AF1F-B1919F97B4E4}.Release|x86.ActiveCfg = Release|Win32
		{ED7BE6D2-C57F-41F7-AF1F-B1919F97B4E4}.Release|x86.Build.0 = Release|Win32
	EndGlobalSection
	GlobalSection(SolutionProperties) = preSolution
		HideSolutionNode = FALSE
	EndGlobalSection
	GlobalSection(ExtensibilityGlobals) = postSolution
		SolutionGuid = {C4105D6B-8E14-4880-BE85-F22EA70871F5}
	EndGlobalSection
EndGlobal
